{
  "name": "@util.js/timers",
  "version": "0.36.0",
  "lockfileVersion": 1,
  "requires": true,
  "dependencies": {
    "@util.js/errors": {
      "version": "0.36.0",
      "resolved": "https://registry.npmjs.org/@util.js/errors/-/errors-0.36.0.tgz",
      "integrity": "sha512-dFw9QRF2/z4Tsvlwaj4FW1pNBswzcer0kSB7+LVEamY6e7M0/5WnOXpNs5kPycoU4KHxRcDHz9vycUkvfioBZw=="
    },
    "@util.js/privates": {
      "version": "0.36.0",
      "resolved": "https://registry.npmjs.org/@util.js/privates/-/privates-0.36.0.tgz",
      "integrity": "sha512-F8s2tbPqOaXtS2rXBw3EG6cPk0Xnd/suK7tjmkLI/tccwh5PLdkLbSlVk5d6qNm//GGBkPJykS0GUsGbdmmHrw==",
      "requires": {
        "@util.js/errors": "0.36.0"
      }
    }
  }
}
