{
  "name": "@util.js/timers",
  "version": "0.34.0",
  "lockfileVersion": 1,
  "requires": true,
  "dependencies": {
    "@util.js/errors": {
      "version": "0.34.0",
      "resolved": "https://registry.npmjs.org/@util.js/errors/-/errors-0.34.0.tgz",
      "integrity": "sha512-8FPTXyNEEdH7PWtN6mm6YHOKKHwE8bPNh42fK4EOaKh1KKbMXuLhKTjEu56SXLOwmMAr3wnu1SBxN+mDGJ3AqQ=="
    },
    "@util.js/privates": {
      "version": "0.34.0",
      "resolved": "https://registry.npmjs.org/@util.js/privates/-/privates-0.34.0.tgz",
      "integrity": "sha512-GTKuLXRl19qD4iwzU0DnRAFGPo49AyVtuQMnsPH0CEL09LejB/wbIrj+wUWNQpjTmFQHs/PFVN1o9WL0W5rt4g==",
      "requires": {
        "@util.js/errors": "0.34.0"
      }
    }
  }
}
