{
  "name": "@util.js/privates",
  "version": "0.36.1",
  "lockfileVersion": 1,
  "requires": true,
  "dependencies": {
    "@util.js/errors": {
      "version": "0.36.1",
      "resolved": "https://registry.npmjs.org/@util.js/errors/-/errors-0.36.1.tgz",
      "integrity": "sha512-wNFXy+34fkhHumn0x3IOotvRsc0i+XOj+dbwJAG2YbgF8c04/J2sBYGoLxmso/02HN2JqFPuMARfiEYPEmZQOA=="
    }
  }
}
