{
  "name": "@util.js/privates",
  "version": "0.37.0",
  "lockfileVersion": 1,
  "requires": true,
  "dependencies": {
    "@util.js/errors": {
      "version": "0.37.0",
      "resolved": "https://registry.npmjs.org/@util.js/errors/-/errors-0.37.0.tgz",
      "integrity": "sha512-HSNAnm0DsJBhDutQdRbLhpXxYXrTcEINzLqGHxvkznJPNjpVCGXqb0l+fdOWtCeLTyzvX+H/Zu7c6qYx0Nsx8Q=="
    }
  }
}
