{
  "name": "@util.js/privates",
  "version": "0.32.0",
  "lockfileVersion": 1,
  "requires": true,
  "dependencies": {
    "@util.js/errors": {
      "version": "0.32.0",
      "resolved": "https://registry.npmjs.org/@util.js/errors/-/errors-0.32.0.tgz",
      "integrity": "sha512-+LDHX88368crhNFso8vU40oVDkVkthI3Ro4eKdbNSUl6FojjxKls2z2JkdOrLgNmOEZX1oRH82cezXqi6Vg2IQ=="
    }
  }
}
