{
  "name": "@util.js/aws",
  "version": "0.34.0",
  "lockfileVersion": 1,
  "requires": true,
  "dependencies": {
    "@babel/runtime-corejs2": {
      "version": "7.3.4",
      "resolved": "https://registry.npmjs.org/@babel/runtime-corejs2/-/runtime-corejs2-7.3.4.tgz",
      "integrity": "sha512-QwPuQE65kNxjsNKk34Rfgen2R5fk0J2So99SD45uXBp34QOfyz11SqVgJ4xvyCpnCIieSQ0X0hSSc9z/ymlJJw==",
      "requires": {
        "core-js": "^2.5.7",
        "regenerator-runtime": "^0.12.0"
      }
    },
    "@util.js/arrays": {
      "version": "0.34.0",
      "resolved": "https://registry.npmjs.org/@util.js/arrays/-/arrays-0.34.0.tgz",
      "integrity": "sha512-T86ZgyQdsL7Wi1YB0sTcCsDJBgzSwLVRHRoI9RnhwJIlqACPQXka/e4xkOvPEJ1jaKJ722yQOBNECsqD8Iyw7Q==",
      "requires": {
        "@babel/runtime-corejs2": "7.3.4",
        "knuth-shuffle": "1.0.8"
      }
    },
    "@util.js/errors": {
      "version": "0.34.0",
      "resolved": "https://registry.npmjs.org/@util.js/errors/-/errors-0.34.0.tgz",
      "integrity": "sha512-8FPTXyNEEdH7PWtN6mm6YHOKKHwE8bPNh42fK4EOaKh1KKbMXuLhKTjEu56SXLOwmMAr3wnu1SBxN+mDGJ3AqQ=="
    },
    "@util.js/privates": {
      "version": "0.34.0",
      "resolved": "https://registry.npmjs.org/@util.js/privates/-/privates-0.34.0.tgz",
      "integrity": "sha512-GTKuLXRl19qD4iwzU0DnRAFGPo49AyVtuQMnsPH0CEL09LejB/wbIrj+wUWNQpjTmFQHs/PFVN1o9WL0W5rt4g==",
      "requires": {
        "@util.js/errors": "0.34.0"
      }
    },
    "@util.js/promises": {
      "version": "0.34.0",
      "resolved": "https://registry.npmjs.org/@util.js/promises/-/promises-0.34.0.tgz",
      "integrity": "sha512-CGuXBjGeEASz8nzVRjN7CWiM/NqFG+OxrOvuO897hO8YCKHmBHIjxvc4jfapBGTvJzlGS0TyxBKsHYqA0xdnLA==",
      "requires": {
        "@babel/runtime-corejs2": "7.3.4",
        "@util.js/arrays": "0.34.0"
      }
    },
    "core-js": {
      "version": "2.6.5",
      "resolved": "https://registry.npmjs.org/core-js/-/core-js-2.6.5.tgz",
      "integrity": "sha512-klh/kDpwX8hryYL14M9w/xei6vrv6sE8gTHDG7/T/+SEovB/G4ejwcfE/CBzO6Edsu+OETZMZ3wcX/EjUkrl5A=="
    },
    "knuth-shuffle": {
      "version": "1.0.8",
      "resolved": "https://registry.npmjs.org/knuth-shuffle/-/knuth-shuffle-1.0.8.tgz",
      "integrity": "sha512-IdC4Hpp+mx53zTt6VAGsAtbGM0g4BV9fP8tTcviCosSwocHcRDw9uG5Rnv6wLWckF4r72qeXFoK9NkvV1gUJCQ=="
    },
    "regenerator-runtime": {
      "version": "0.12.1",
      "resolved": "https://registry.npmjs.org/regenerator-runtime/-/regenerator-runtime-0.12.1.tgz",
      "integrity": "sha512-odxIc1/vDlo4iZcfXqRYFj0vpXFNoGdKMAUieAlFYO6m/nl5e9KR/beGf41z4a1FI+aQgtjhuaSlDxQ0hmkrHg=="
    }
  }
}
