{
  "name": "@util.js/aws",
  "version": "0.40.1",
  "lockfileVersion": 1,
  "requires": true,
  "dependencies": {
    "@babel/runtime-corejs3": {
      "version": "7.12.5",
      "resolved": "https://registry.npmjs.org/@babel/runtime-corejs3/-/runtime-corejs3-7.12.5.tgz",
      "integrity": "sha512-roGr54CsTmNPPzZoCP1AmDXuBoNao7tnSA83TXTwt+UK5QVyh1DIJnrgYRPWKCF2flqZQXwa7Yr8v7VmLzF0YQ==",
      "requires": {
        "core-js-pure": "^3.0.0",
        "regenerator-runtime": "^0.13.4"
      }
    },
    "@util.js/errors": {
      "version": "0.40.1",
      "resolved": "https://registry.npmjs.org/@util.js/errors/-/errors-0.40.1.tgz",
      "integrity": "sha512-IFwNVX6Ty54fOAIVsmXq1ZYHI7EcqqTkv3ka2qjvo8oZ9tAtcAToL9sHJXQ7Nz7kgLPo/lcMHbYSahUuvDGsRg==",
      "requires": {
        "@babel/runtime-corejs3": "7.12.5"
      }
    },
    "@util.js/privates": {
      "version": "0.40.1",
      "resolved": "https://registry.npmjs.org/@util.js/privates/-/privates-0.40.1.tgz",
      "integrity": "sha512-qL1kQ4BuvR4hmRzn6tFD3ovOartxPWFEoohlFn3v3KRf1Ei5sBlxAulUWP94kiQSnj4fHLSPDShtMdnuG7wtvw==",
      "requires": {
        "@babel/runtime-corejs3": "7.12.5",
        "@util.js/errors": "0.40.1"
      }
    },
    "@util.js/promises": {
      "version": "0.40.1",
      "resolved": "https://registry.npmjs.org/@util.js/promises/-/promises-0.40.1.tgz",
      "integrity": "sha512-o5M/DS7623WTM7ohgDdiXZ4NmkDlhC0S4KEuXKt7WB+ON9GjURJuVPRDeJHRsJufp3ZcPU9memcp50x8tYg1tg==",
      "requires": {
        "@babel/runtime-corejs3": "7.12.5"
      }
    },
    "core-js-pure": {
      "version": "3.7.0",
      "resolved": "https://registry.npmjs.org/core-js-pure/-/core-js-pure-3.7.0.tgz",
      "integrity": "sha512-EZD2ckZysv8MMt4J6HSvS9K2GdtlZtdBncKAmF9lr2n0c9dJUaUN88PSTjvgwCgQPWKTkERXITgS6JJRAnljtg=="
    },
    "regenerator-runtime": {
      "version": "0.13.7",
      "resolved": "https://registry.npmjs.org/regenerator-runtime/-/regenerator-runtime-0.13.7.tgz",
      "integrity": "sha512-a54FxoJDIr27pgf7IgeQGxmqUNYrcV338lf/6gH456HZ/PhX+5BcwHXG9ajESmwe6WRO0tAzRUrRmNONWgkrew=="
    }
  }
}
