{
  "name": "@util.js/aws",
  "version": "0.39.2",
  "lockfileVersion": 1,
  "requires": true,
  "dependencies": {
    "@babel/runtime-corejs2": {
      "version": "7.5.5",
      "resolved": "https://registry.npmjs.org/@babel/runtime-corejs2/-/runtime-corejs2-7.5.5.tgz",
      "integrity": "sha512-FYATQVR00NSNi7mUfpPDp7E8RYMXDuO8gaix7u/w3GekfUinKgX1AcTxs7SoiEmoEW9mbpjrwqWSW6zCmw5h8A==",
      "requires": {
        "core-js": "^2.6.5",
        "regenerator-runtime": "^0.13.2"
      }
    },
    "@util.js/arrays": {
      "version": "0.39.2",
      "resolved": "https://registry.npmjs.org/@util.js/arrays/-/arrays-0.39.2.tgz",
      "integrity": "sha512-e7KJyZ3TQKRX5sQoLhzuTNyw8IzWH9bPoFR7nnv3a5QDgXGdtY3BLflEkJrhXNbEbMZUZO4AG/t3V7elY06B3Q==",
      "requires": {
        "@babel/runtime-corejs2": "7.5.5",
        "knuth-shuffle": "1.0.8"
      }
    },
    "@util.js/errors": {
      "version": "0.39.2",
      "resolved": "https://registry.npmjs.org/@util.js/errors/-/errors-0.39.2.tgz",
      "integrity": "sha512-wkFOAoVHiVrDCsodpdFBRJJky9WP1BWsWQiCDmt3jT9q6E5FGl0blpwEvTR8YZ3HzbQtdKlSi8rdTEGZkDKxYQ==",
      "requires": {
        "@babel/runtime-corejs2": "7.5.5"
      }
    },
    "@util.js/privates": {
      "version": "0.39.2",
      "resolved": "https://registry.npmjs.org/@util.js/privates/-/privates-0.39.2.tgz",
      "integrity": "sha512-lF+2f9rRqKwlJ1q5BnZWDgurhuHAPvqCt6OA4qHobTcvNcYdMF5aHqowD/aXDvfB/yv84Y5rJ2/I2OM2/a+AXA==",
      "requires": {
        "@babel/runtime-corejs2": "7.5.5",
        "@util.js/errors": "0.39.2"
      }
    },
    "@util.js/promises": {
      "version": "0.39.2",
      "resolved": "https://registry.npmjs.org/@util.js/promises/-/promises-0.39.2.tgz",
      "integrity": "sha512-cJUthS/zGZfsR/vCyp0AN0GkJradJMPD+zP/JVhmM6EU5P80WODfWEt0fdf9r/DIsHtn0faqYC2+HL78BmyLXA==",
      "requires": {
        "@babel/runtime-corejs2": "7.5.5",
        "@util.js/arrays": "0.39.2"
      }
    },
    "core-js": {
      "version": "2.6.9",
      "resolved": "https://registry.npmjs.org/core-js/-/core-js-2.6.9.tgz",
      "integrity": "sha512-HOpZf6eXmnl7la+cUdMnLvUxKNqLUzJvgIziQ0DiF3JwSImNphIqdGqzj6hIKyX04MmV0poclQ7+wjWvxQyR2A=="
    },
    "knuth-shuffle": {
      "version": "1.0.8",
      "resolved": "https://registry.npmjs.org/knuth-shuffle/-/knuth-shuffle-1.0.8.tgz",
      "integrity": "sha512-IdC4Hpp+mx53zTt6VAGsAtbGM0g4BV9fP8tTcviCosSwocHcRDw9uG5Rnv6wLWckF4r72qeXFoK9NkvV1gUJCQ=="
    },
    "regenerator-runtime": {
      "version": "0.13.3",
      "resolved": "https://registry.npmjs.org/regenerator-runtime/-/regenerator-runtime-0.13.3.tgz",
      "integrity": "sha512-naKIZz2GQ8JWh///G7L3X6LaQUAMp2lvb1rvwwsURe/VXwD6VMfr+/1NuNw3ag8v2kY1aQ/go5SNn79O9JU7yw=="
    }
  }
}
