{
	"name": "@util.js/emails",
	"version": "0.36.1",
	"lockfileVersion": 1,
	"requires": true,
	"dependencies": {
		"@babel/runtime-corejs2": {
			"version": "7.3.4",
			"resolved": "https://registry.npmjs.org/@babel/runtime-corejs2/-/runtime-corejs2-7.3.4.tgz",
			"integrity": "sha512-QwPuQE65kNxjsNKk34Rfgen2R5fk0J2So99SD45uXBp34QOfyz11SqVgJ4xvyCpnCIieSQ0X0hSSc9z/ymlJJw==",
			"requires": {
				"core-js": "^2.5.7",
				"regenerator-runtime": "^0.12.0"
			}
		},
		"core-js": {
			"version": "2.6.5",
			"resolved": "https://registry.npmjs.org/core-js/-/core-js-2.6.5.tgz",
			"integrity": "sha512-klh/kDpwX8hryYL14M9w/xei6vrv6sE8gTHDG7/T/+SEovB/G4ejwcfE/CBzO6Edsu+OETZMZ3wcX/EjUkrl5A=="
		},
		"regenerator-runtime": {
			"version": "0.12.1",
			"resolved": "https://registry.npmjs.org/regenerator-runtime/-/regenerator-runtime-0.12.1.tgz",
			"integrity": "sha512-odxIc1/vDlo4iZcfXqRYFj0vpXFNoGdKMAUieAlFYO6m/nl5e9KR/beGf41z4a1FI+aQgtjhuaSlDxQ0hmkrHg=="
		}
	}
}
