{
	"name": "@util.js/numbers",
	"version": "0.40.0",
	"lockfileVersion": 1,
	"requires": true,
	"dependencies": {
		"@babel/runtime-corejs2": {
			"version": "7.12.5",
			"resolved": "https://registry.npmjs.org/@babel/runtime-corejs2/-/runtime-corejs2-7.12.5.tgz",
			"integrity": "sha512-kt5YpZ7F5A05LOgQuaMXXmcxakK/qttf5C/E1BJPA3Kf5PanbjPzDoXN+PIslUnjUxpuKblCsXyP0QfMiqyKqA==",
			"requires": {
				"core-js": "^2.6.5",
				"regenerator-runtime": "^0.13.4"
			}
		},
		"core-js": {
			"version": "2.6.11",
			"resolved": "https://registry.npmjs.org/core-js/-/core-js-2.6.11.tgz",
			"integrity": "sha512-5wjnpaT/3dV+XB4borEsnAYQchn00XSgTAWKDkEqv+K8KevjbzmofK6hfJ9TZIlpj2N0xQpazy7PiRQiWHqzWg=="
		},
		"regenerator-runtime": {
			"version": "0.13.7",
			"resolved": "https://registry.npmjs.org/regenerator-runtime/-/regenerator-runtime-0.13.7.tgz",
			"integrity": "sha512-a54FxoJDIr27pgf7IgeQGxmqUNYrcV338lf/6gH456HZ/PhX+5BcwHXG9ajESmwe6WRO0tAzRUrRmNONWgkrew=="
		}
	}
}
