{
	"name": "@util.js/streams",
	"version": "0.37.0",
	"lockfileVersion": 1,
	"requires": true,
	"dependencies": {
		"@babel/runtime-corejs2": {
			"version": "7.4.3",
			"resolved": "https://registry.npmjs.org/@babel/runtime-corejs2/-/runtime-corejs2-7.4.3.tgz",
			"integrity": "sha512-anTLTF7IK8Hd5f73zpPzt875I27UaaTWARJlfMGgnmQhvEe1uNHQRKBUbXL0Gc0VEYiVzsHsTPso5XdK8NGvFg==",
			"requires": {
				"core-js": "^2.6.5",
				"regenerator-runtime": "^0.13.2"
			}
		},
		"@util.js/arrays": {
			"version": "0.37.0",
			"resolved": "https://registry.npmjs.org/@util.js/arrays/-/arrays-0.37.0.tgz",
			"integrity": "sha512-RKq5XeCuJHyBbtzIqlSJIMEdFYw2B3v0Xf60v2+whqNt7AVvxt4rRkQ4TeFwTaQvPlmKj5J+FBiPoSYPN0ke6w==",
			"requires": {
				"@babel/runtime-corejs2": "7.4.3",
				"knuth-shuffle": "1.0.8"
			}
		},
		"@util.js/promises": {
			"version": "0.37.0",
			"resolved": "https://registry.npmjs.org/@util.js/promises/-/promises-0.37.0.tgz",
			"integrity": "sha512-eNqKqXw9myIkC9N0P9sGM/lcgNntT5Lce9Mj/OO2FDWxdn6HPU7a18demHZ7UP8/RMur1/odD7lipxFiOSk0jQ==",
			"requires": {
				"@babel/runtime-corejs2": "7.4.3",
				"@util.js/arrays": "0.37.0"
			}
		},
		"@util.js/strings": {
			"version": "0.37.0",
			"resolved": "https://registry.npmjs.org/@util.js/strings/-/strings-0.37.0.tgz",
			"integrity": "sha512-4u8AU0u2ufAyDxbB9+o6t5uufQCHgshrLxoFAUZ2rQtQK0O61giLuPf2XlcoSrvSLizq+lbzMR79SuMmYgytZg==",
			"requires": {
				"@babel/runtime-corejs2": "7.4.3",
				"base64url": "3.0.1"
			}
		},
		"base64url": {
			"version": "3.0.1",
			"resolved": "https://registry.npmjs.org/base64url/-/base64url-3.0.1.tgz",
			"integrity": "sha512-ir1UPr3dkwexU7FdV8qBBbNDRUhMmIekYMFZfi+C/sLNnRESKPl23nB9b2pltqfOQNnGzsDdId90AEtG5tCx4A=="
		},
		"core-js": {
			"version": "2.6.5",
			"resolved": "https://registry.npmjs.org/core-js/-/core-js-2.6.5.tgz",
			"integrity": "sha512-klh/kDpwX8hryYL14M9w/xei6vrv6sE8gTHDG7/T/+SEovB/G4ejwcfE/CBzO6Edsu+OETZMZ3wcX/EjUkrl5A=="
		},
		"knuth-shuffle": {
			"version": "1.0.8",
			"resolved": "https://registry.npmjs.org/knuth-shuffle/-/knuth-shuffle-1.0.8.tgz",
			"integrity": "sha512-IdC4Hpp+mx53zTt6VAGsAtbGM0g4BV9fP8tTcviCosSwocHcRDw9uG5Rnv6wLWckF4r72qeXFoK9NkvV1gUJCQ=="
		},
		"regenerator-runtime": {
			"version": "0.13.2",
			"resolved": "https://registry.npmjs.org/regenerator-runtime/-/regenerator-runtime-0.13.2.tgz",
			"integrity": "sha512-S/TQAZJO+D3m9xeN1WTI8dLKBBiRgXBlTJvbWjCThHWZj9EvHK70Ff50/tYj2J/fvBY6JtFVwRuazHN2E7M9BA=="
		}
	}
}
