{
	"name": "@util.js/streams",
	"version": "0.33.1",
	"lockfileVersion": 1,
	"requires": true,
	"dependencies": {
		"@babel/runtime-corejs2": {
			"version": "7.3.4",
			"resolved": "https://registry.npmjs.org/@babel/runtime-corejs2/-/runtime-corejs2-7.3.4.tgz",
			"integrity": "sha512-QwPuQE65kNxjsNKk34Rfgen2R5fk0J2So99SD45uXBp34QOfyz11SqVgJ4xvyCpnCIieSQ0X0hSSc9z/ymlJJw==",
			"requires": {
				"core-js": "^2.5.7",
				"regenerator-runtime": "^0.12.0"
			}
		},
		"@util.js/arrays": {
			"version": "0.33.1",
			"resolved": "https://registry.npmjs.org/@util.js/arrays/-/arrays-0.33.1.tgz",
			"integrity": "sha512-yJdSUNTY6LB9t5iJrHWrmpT7FDyqQCWtfTFgA/gPeBynXh0vtg6duAF5YgTqIXy31Vg4VT6f18PiabXOAm42RQ==",
			"requires": {
				"@babel/runtime-corejs2": "7.3.4",
				"knuth-shuffle": "1.0.8"
			}
		},
		"@util.js/promises": {
			"version": "0.33.1",
			"resolved": "https://registry.npmjs.org/@util.js/promises/-/promises-0.33.1.tgz",
			"integrity": "sha512-czWpEVZIxumMtFzjFDpspXemYKE7Zodj5R0llOY3p9dZckC6GUbTGmBf/WVTnAT2P6dNgTgcwe6j6WQwl23iDA==",
			"requires": {
				"@babel/runtime-corejs2": "7.3.4",
				"@util.js/arrays": "0.33.1"
			}
		},
		"@util.js/strings": {
			"version": "0.33.1",
			"resolved": "https://registry.npmjs.org/@util.js/strings/-/strings-0.33.1.tgz",
			"integrity": "sha512-0YvyvAfudmwppOhU/kJLbVu+W0A6F5yUSuBC2lfrCseQsidfuBFHymkqa/OBou8FG0++CfsAukSL6r2p5t5Baw==",
			"requires": {
				"@babel/runtime-corejs2": "7.3.4",
				"base64url": "3.0.1"
			}
		},
		"base64url": {
			"version": "3.0.1",
			"resolved": "https://registry.npmjs.org/base64url/-/base64url-3.0.1.tgz",
			"integrity": "sha512-ir1UPr3dkwexU7FdV8qBBbNDRUhMmIekYMFZfi+C/sLNnRESKPl23nB9b2pltqfOQNnGzsDdId90AEtG5tCx4A=="
		},
		"core-js": {
			"version": "2.6.5",
			"resolved": "https://registry.npmjs.org/core-js/-/core-js-2.6.5.tgz",
			"integrity": "sha512-klh/kDpwX8hryYL14M9w/xei6vrv6sE8gTHDG7/T/+SEovB/G4ejwcfE/CBzO6Edsu+OETZMZ3wcX/EjUkrl5A=="
		},
		"knuth-shuffle": {
			"version": "1.0.8",
			"resolved": "https://registry.npmjs.org/knuth-shuffle/-/knuth-shuffle-1.0.8.tgz",
			"integrity": "sha512-IdC4Hpp+mx53zTt6VAGsAtbGM0g4BV9fP8tTcviCosSwocHcRDw9uG5Rnv6wLWckF4r72qeXFoK9NkvV1gUJCQ=="
		},
		"regenerator-runtime": {
			"version": "0.12.1",
			"resolved": "https://registry.npmjs.org/regenerator-runtime/-/regenerator-runtime-0.12.1.tgz",
			"integrity": "sha512-odxIc1/vDlo4iZcfXqRYFj0vpXFNoGdKMAUieAlFYO6m/nl5e9KR/beGf41z4a1FI+aQgtjhuaSlDxQ0hmkrHg=="
		}
	}
}
