{
	"name": "@util.js/streams",
	"version": "0.29.1",
	"lockfileVersion": 1,
	"requires": true,
	"dependencies": {
		"@babel/runtime-corejs2": {
			"version": "7.3.1",
			"resolved": "https://registry.npmjs.org/@babel/runtime-corejs2/-/runtime-corejs2-7.3.1.tgz",
			"integrity": "sha512-YpO13776h3e6Wy8dl2J8T9Qwlvopr+b4trCEhHE+yek6yIqV8sx6g3KozdHMbXeBpjosbPi+Ii5Z7X9oXFHUKA==",
			"requires": {
				"core-js": "^2.5.7",
				"regenerator-runtime": "^0.12.0"
			},
			"dependencies": {
				"regenerator-runtime": {
					"version": "0.12.1",
					"resolved": "https://registry.npmjs.org/regenerator-runtime/-/regenerator-runtime-0.12.1.tgz",
					"integrity": "sha512-odxIc1/vDlo4iZcfXqRYFj0vpXFNoGdKMAUieAlFYO6m/nl5e9KR/beGf41z4a1FI+aQgtjhuaSlDxQ0hmkrHg=="
				}
			}
		},
		"@util.js/arrays": {
			"version": "0.29.1",
			"resolved": "https://registry.npmjs.org/@util.js/arrays/-/arrays-0.29.1.tgz",
			"integrity": "sha512-d40ZgRsXBGAizlA9316aGQvRbiPAlSmKHWbWKygXO0NMyzYelzJEo3M2Ipi7xb4kOvDFRrhIKaLQ/Grn4RuPug==",
			"requires": {
				"@babel/runtime-corejs2": "7.3.1",
				"knuth-shuffle": "1.0.8"
			}
		},
		"@util.js/promises": {
			"version": "0.29.1",
			"resolved": "https://registry.npmjs.org/@util.js/promises/-/promises-0.29.1.tgz",
			"integrity": "sha512-bRE1KU2LIkK2T4k0xDbNlKIcVlg6Aormix4TFAF+l2m1iyR0p2GP6cPKPsOjnohVEaeiVaumEkAimsZR/3O0bw==",
			"requires": {
				"@babel/runtime-corejs2": "7.3.1",
				"@util.js/arrays": "0.29.1"
			}
		},
		"@util.js/strings": {
			"version": "0.29.1",
			"resolved": "https://registry.npmjs.org/@util.js/strings/-/strings-0.29.1.tgz",
			"integrity": "sha512-WPZtsNw957zL6fDpoOuD9Ik56SHTsOK388EX1R4fXpdd/iEur+Eir2jftaRH6A2EUztcHwp5pktYhBy60oVsYg==",
			"requires": {
				"@babel/runtime-corejs2": "7.3.1",
				"base64url": "3.0.1"
			}
		},
		"base64url": {
			"version": "3.0.1",
			"resolved": "https://registry.npmjs.org/base64url/-/base64url-3.0.1.tgz",
			"integrity": "sha512-ir1UPr3dkwexU7FdV8qBBbNDRUhMmIekYMFZfi+C/sLNnRESKPl23nB9b2pltqfOQNnGzsDdId90AEtG5tCx4A=="
		},
		"core-js": {
			"version": "2.6.5",
			"resolved": "https://registry.npmjs.org/core-js/-/core-js-2.6.5.tgz",
			"integrity": "sha512-klh/kDpwX8hryYL14M9w/xei6vrv6sE8gTHDG7/T/+SEovB/G4ejwcfE/CBzO6Edsu+OETZMZ3wcX/EjUkrl5A=="
		},
		"knuth-shuffle": {
			"version": "1.0.8",
			"resolved": "https://registry.npmjs.org/knuth-shuffle/-/knuth-shuffle-1.0.8.tgz",
			"integrity": "sha512-IdC4Hpp+mx53zTt6VAGsAtbGM0g4BV9fP8tTcviCosSwocHcRDw9uG5Rnv6wLWckF4r72qeXFoK9NkvV1gUJCQ=="
		}
	}
}
